// !$*UTF8*$!
{
	archiveVersion = 1;
	classes = {
	};
	objectVersion = 48;
	objects = {

/* Begin PBXBuildFile section */
		09D0AAE196315886E2FD19A2 /* Pods_FETabBar.framework in Frameworks */ = {isa = PBXBuildFile; fileRef = 894B9F94E09268117D26EFD5 /* Pods_FETabBar.framework */; };
		A85891211FD4F10C0095BE10 /* AppDelegate.swift in Sources */ = {isa = PBXBuildFile; fileRef = A85891201FD4F10C0095BE10 /* AppDelegate.swift */; };
		A85891231FD4F10C0095BE10 /* ViewController.swift in Sources */ = {isa = PBXBuildFile; fileRef = A85891221FD4F10C0095BE10 /* ViewController.swift */; };
		A85891261FD4F10C0095BE10 /* Main.storyboard in Resources */ = {isa = PBXBuildFile; fileRef = A85891241FD4F10C0095BE10 /* Main.storyboard */; };
		A85891281FD4F10C0095BE10 /* Assets.xcassets in Resources */ = {isa = PBXBuildFile; fileRef = A85891271FD4F10C0095BE10 /* Assets.xcassets */; };
		A858912B1FD4F10C0095BE10 /* LaunchScreen.storyboard in Resources */ = {isa = PBXBuildFile; fileRef = A85891291FD4F10C0095BE10 /* LaunchScreen.storyboard */; };
		A85891361FD4F10D0095BE10 /* FETabBarTests.swift in Sources */ = {isa = PBXBuildFile; fileRef = A85891351FD4F10D0095BE10 /* FETabBarTests.swift */; };
		A85891411FD4F10D0095BE10 /* FETabBarUITests.swift in Sources */ = {isa = PBXBuildFile; fileRef = A85891401FD4F10D0095BE10 /* FETabBarUITests.swift */; };
		A858914F1FD4F2AC0095BE10 /* FETabBarView.swift in Sources */ = {isa = PBXBuildFile; fileRef = A858914E1FD4F2AC0095BE10 /* FETabBarView.swift */; };
		A85891531FD4F38D0095BE10 /* FETabBarItem.swift in Sources */ = {isa = PBXBuildFile; fileRef = A85891521FD4F38D0095BE10 /* FETabBarItem.swift */; };
/* End PBXBuildFile section */

/* Begin PBXContainerItemProxy section */
		A85891321FD4F10D0095BE10 /* PBXContainerItemProxy */ = {
			isa = PBXContainerItemProxy;
			containerPortal = A85891151FD4F10C0095BE10 /* Project object */;
			proxyType = 1;
			remoteGlobalIDString = A858911C1FD4F10C0095BE10;
			remoteInfo = FETabBar;
		};
		A858913D1FD4F10D0095BE10 /* PBXContainerItemProxy */ = {
			isa = PBXContainerItemProxy;
			containerPortal = A85891151FD4F10C0095BE10 /* Project object */;
			proxyType = 1;
			remoteGlobalIDString = A858911C1FD4F10C0095BE10;
			remoteInfo = FETabBar;
		};
/* End PBXContainerItemProxy section */

/* Begin PBXFileReference section */
		583D0B8E95186535261FD818 /* Pods-FETabBar.release.xcconfig */ = {isa = PBXFileReference; includeInIndex = 1; lastKnownFileType = text.xcconfig; name = "Pods-FETabBar.release.xcconfig"; path = "Pods/Target Support Files/Pods-FETabBar/Pods-FETabBar.release.xcconfig"; sourceTree = "<group>"; };
		894B9F94E09268117D26EFD5 /* Pods_FETabBar.framework */ = {isa = PBXFileReference; explicitFileType = wrapper.framework; includeInIndex = 0; path = Pods_FETabBar.framework; sourceTree = BUILT_PRODUCTS_DIR; };
		A858911D1FD4F10C0095BE10 /* FETabBar.app */ = {isa = PBXFileReference; explicitFileType = wrapper.application; includeInIndex = 0; path = FETabBar.app; sourceTree = BUILT_PRODUCTS_DIR; };
		A85891201FD4F10C0095BE10 /* AppDelegate.swift */ = {isa = PBXFileReference; lastKnownFileType = sourcecode.swift; path = AppDelegate.swift; sourceTree = "<group>"; };
		A85891221FD4F10C0095BE10 /* ViewController.swift */ = {isa = PBXFileReference; lastKnownFileType = sourcecode.swift; path = ViewController.swift; sourceTree = "<group>"; };
		A85891251FD4F10C0095BE10 /* Base */ = {isa = PBXFileReference; lastKnownFileType = file.storyboard; name = Base; path = Base.lproj/Main.storyboard; sourceTree = "<group>"; };
		A85891271FD4F10C0095BE10 /* Assets.xcassets */ = {isa = PBXFileReference; lastKnownFileType = folder.assetcatalog; path = Assets.xcassets; sourceTree = "<group>"; };
		A858912A1FD4F10C0095BE10 /* Base */ = {isa = PBXFileReference; lastKnownFileType = file.storyboard; name = Base; path = Base.lproj/LaunchScreen.storyboard; sourceTree = "<group>"; };
		A858912C1FD4F10C0095BE10 /* Info.plist */ = {isa = PBXFileReference; lastKnownFileType = text.plist.xml; path = Info.plist; sourceTree = "<group>"; };
		A85891311FD4F10D0095BE10 /* FETabBarTests.xctest */ = {isa = PBXFileReference; explicitFileType = wrapper.cfbundle; includeInIndex = 0; path = FETabBarTests.xctest; sourceTree = BUILT_PRODUCTS_DIR; };
		A85891351FD4F10D0095BE10 /* FETabBarTests.swift */ = {isa = PBXFileReference; lastKnownFileType = sourcecode.swift; path = FETabBarTests.swift; sourceTree = "<group>"; };
		A85891371FD4F10D0095BE10 /* Info.plist */ = {isa = PBXFileReference; lastKnownFileType = text.plist.xml; path = Info.plist; sourceTree = "<group>"; };
		A858913C1FD4F10D0095BE10 /* FETabBarUITests.xctest */ = {isa = PBXFileReference; explicitFileType = wrapper.cfbundle; includeInIndex = 0; path = FETabBarUITests.xctest; sourceTree = BUILT_PRODUCTS_DIR; };
		A85891401FD4F10D0095BE10 /* FETabBarUITests.swift */ = {isa = PBXFileReference; lastKnownFileType = sourcecode.swift; path = FETabBarUITests.swift; sourceTree = "<group>"; };
		A85891421FD4F10D0095BE10 /* Info.plist */ = {isa = PBXFileReference; lastKnownFileType = text.plist.xml; path = Info.plist; sourceTree = "<group>"; };
		A858914E1FD4F2AC0095BE10 /* FETabBarView.swift */ = {isa = PBXFileReference; lastKnownFileType = sourcecode.swift; path = FETabBarView.swift; sourceTree = "<group>"; };
		A85891521FD4F38D0095BE10 /* FETabBarItem.swift */ = {isa = PBXFileReference; lastKnownFileType = sourcecode.swift; path = FETabBarItem.swift; sourceTree = "<group>"; };
		E8268B6D3E1FF1D83CFC9CBF /* Pods-FETabBar.debug.xcconfig */ = {isa = PBXFileReference; includeInIndex = 1; lastKnownFileType = text.xcconfig; name = "Pods-FETabBar.debug.xcconfig"; path = "Pods/Target Support Files/Pods-FETabBar/Pods-FETabBar.debug.xcconfig"; sourceTree = "<group>"; };
/* End PBXFileReference section */

/* Begin PBXFrameworksBuildPhase section */
		A858911A1FD4F10C0095BE10 /* Frameworks */ = {
			isa = PBXFrameworksBuildPhase;
			buildActionMask = 2147483647;
			files = (
				09D0AAE196315886E2FD19A2 /* Pods_FETabBar.framework in Frameworks */,
			);
			runOnlyForDeploymentPostprocessing = 0;
		};
		A858912E1FD4F10D0095BE10 /* Frameworks */ = {
			isa = PBXFrameworksBuildPhase;
			buildActionMask = 2147483647;
			files = (
			);
			runOnlyForDeploymentPostprocessing = 0;
		};
		A85891391FD4F10D0095BE10 /* Frameworks */ = {
			isa = PBXFrameworksBuildPhase;
			buildActionMask = 2147483647;
			files = (
			);
			runOnlyForDeploymentPostprocessing = 0;
		};
/* End PBXFrameworksBuildPhase section */

/* Begin PBXGroup section */
		843AA6E49180353EA78B6E09 /* Frameworks */ = {
			isa = PBXGroup;
			children = (
				894B9F94E09268117D26EFD5 /* Pods_FETabBar.framework */,
			);
			name = Frameworks;
			sourceTree = "<group>";
		};
		98C3A2524CD6E5AF6F5A38CC /* Pods */ = {
			isa = PBXGroup;
			children = (
				E8268B6D3E1FF1D83CFC9CBF /* Pods-FETabBar.debug.xcconfig */,
				583D0B8E95186535261FD818 /* Pods-FETabBar.release.xcconfig */,
			);
			name = Pods;
			sourceTree = "<group>";
		};
		A85891141FD4F10C0095BE10 = {
			isa = PBXGroup;
			children = (
				A858911F1FD4F10C0095BE10 /* FETabBar */,
				A85891341FD4F10D0095BE10 /* FETabBarTests */,
				A858913F1FD4F10D0095BE10 /* FETabBarUITests */,
				A858911E1FD4F10C0095BE10 /* Products */,
				98C3A2524CD6E5AF6F5A38CC /* Pods */,
				843AA6E49180353EA78B6E09 /* Frameworks */,
			);
			sourceTree = "<group>";
		};
		A858911E1FD4F10C0095BE10 /* Products */ = {
			isa = PBXGroup;
			children = (
				A858911D1FD4F10C0095BE10 /* FETabBar.app */,
				A85891311FD4F10D0095BE10 /* FETabBarTests.xctest */,
				A858913C1FD4F10D0095BE10 /* FETabBarUITests.xctest */,
			);
			name = Products;
			sourceTree = "<group>";
		};
		A858911F1FD4F10C0095BE10 /* FETabBar */ = {
			isa = PBXGroup;
			children = (
				A85891201FD4F10C0095BE10 /* AppDelegate.swift */,
				A85891221FD4F10C0095BE10 /* ViewController.swift */,
				A85891241FD4F10C0095BE10 /* Main.storyboard */,
				A85891271FD4F10C0095BE10 /* Assets.xcassets */,
				A85891291FD4F10C0095BE10 /* LaunchScreen.storyboard */,
				A858912C1FD4F10C0095BE10 /* Info.plist */,
				A858914E1FD4F2AC0095BE10 /* FETabBarView.swift */,
				A85891521FD4F38D0095BE10 /* FETabBarItem.swift */,
			);
			path = FETabBar;
			sourceTree = "<group>";
		};
		A85891341FD4F10D0095BE10 /* FETabBarTests */ = {
			isa = PBXGroup;
			children = (
				A85891351FD4F10D0095BE10 /* FETabBarTests.swift */,
				A85891371FD4F10D0095BE10 /* Info.plist */,
			);
			path = FETabBarTests;
			sourceTree = "<group>";
		};
		A858913F1FD4F10D0095BE10 /* FETabBarUITests */ = {
			isa = PBXGroup;
			children = (
				A85891401FD4F10D0095BE10 /* FETabBarUITests.swift */,
				A85891421FD4F10D0095BE10 /* Info.plist */,
			);
			path = FETabBarUITests;
			sourceTree = "<group>";
		};
/* End PBXGroup section */

/* Begin PBXNativeTarget section */
		A858911C1FD4F10C0095BE10 /* FETabBar */ = {
			isa = PBXNativeTarget;
			buildConfigurationList = A85891451FD4F10D0095BE10 /* Build configuration list for PBXNativeTarget "FETabBar" */;
			buildPhases = (
				236CCD9AF2873BE418B56F9B /* [CP] Check Pods Manifest.lock */,
				A85891191FD4F10C0095BE10 /* Sources */,
				A858911A1FD4F10C0095BE10 /* Frameworks */,
				A858911B1FD4F10C0095BE10 /* Resources */,
				D9F880A5FD7FDB5A6852B3D6 /* [CP] Embed Pods Frameworks */,
				EE87B22ECE6622DC0D82B85C /* [CP] Copy Pods Resources */,
			);
			buildRules = (
			);
			dependencies = (
			);
			name = FETabBar;
			productName = FETabBar;
			productReference = A858911D1FD4F10C0095BE10 /* FETabBar.app */;
			productType = "com.apple.product-type.application";
		};
		A85891301FD4F10D0095BE10 /* FETabBarTests */ = {
			isa = PBXNativeTarget;
			buildConfigurationList = A85891481FD4F10D0095BE10 /* Build configuration list for PBXNativeTarget "FETabBarTests" */;
			buildPhases = (
				A858912D1FD4F10D0095BE10 /* Sources */,
				A858912E1FD4F10D0095BE10 /* Frameworks */,
				A858912F1FD4F10D0095BE10 /* Resources */,
			);
			buildRules = (
			);
			dependencies = (
				A85891331FD4F10D0095BE10 /* PBXTargetDependency */,
			);
			name = FETabBarTests;
			productName = FETabBarTests;
			productReference = A85891311FD4F10D0095BE10 /* FETabBarTests.xctest */;
			productType = "com.apple.product-type.bundle.unit-test";
		};
		A858913B1FD4F10D0095BE10 /* FETabBarUITests */ = {
			isa = PBXNativeTarget;
			buildConfigurationList = A858914B1FD4F10D0095BE10 /* Build configuration list for PBXNativeTarget "FETabBarUITests" */;
			buildPhases = (
				A85891381FD4F10D0095BE10 /* Sources */,
				A85891391FD4F10D0095BE10 /* Frameworks */,
				A858913A1FD4F10D0095BE10 /* Resources */,
			);
			buildRules = (
			);
			dependencies = (
				A858913E1FD4F10D0095BE10 /* PBXTargetDependency */,
			);
			name = FETabBarUITests;
			productName = FETabBarUITests;
			productReference = A858913C1FD4F10D0095BE10 /* FETabBarUITests.xctest */;
			productType = "com.apple.product-type.bundle.ui-testing";
		};
/* End PBXNativeTarget section */

/* Begin PBXProject section */
		A85891151FD4F10C0095BE10 /* Project object */ = {
			isa = PBXProject;
			attributes = {
				LastSwiftUpdateCheck = 0900;
				LastUpgradeCheck = 0900;
				ORGANIZATIONNAME = FlyElephant;
				TargetAttributes = {
					A858911C1FD4F10C0095BE10 = {
						CreatedOnToolsVersion = 9.0;
						ProvisioningStyle = Automatic;
					};
					A85891301FD4F10D0095BE10 = {
						CreatedOnToolsVersion = 9.0;
						ProvisioningStyle = Automatic;
						TestTargetID = A858911C1FD4F10C0095BE10;
					};
					A858913B1FD4F10D0095BE10 = {
						CreatedOnToolsVersion = 9.0;
						ProvisioningStyle = Automatic;
						TestTargetID = A858911C1FD4F10C0095BE10;
					};
				};
			};
			buildConfigurationList = A85891181FD4F10C0095BE10 /* Build configuration list for PBXProject "FETabBar" */;
			compatibilityVersion = "Xcode 8.0";
			developmentRegion = en;
			hasScannedForEncodings = 0;
			knownRegions = (
				en,
				Base,
			);
			mainGroup = A85891141FD4F10C0095BE10;
			productRefGroup = A858911E1FD4F10C0095BE10 /* Products */;
			projectDirPath = "";
			projectRoot = "";
			targets = (
				A858911C1FD4F10C0095BE10 /* FETabBar */,
				A85891301FD4F10D0095BE10 /* FETabBarTests */,
				A858913B1FD4F10D0095BE10 /* FETabBarUITests */,
			);
		};
/* End PBXProject section */

/* Begin PBXResourcesBuildPhase section */
		A858911B1FD4F10C0095BE10 /* Resources */ = {
			isa = PBXResourcesBuildPhase;
			buildActionMask = 2147483647;
			files = (
				A858912B1FD4F10C0095BE10 /* LaunchScreen.storyboard in Resources */,
				A85891281FD4F10C0095BE10 /* Assets.xcassets in Resources */,
				A85891261FD4F10C0095BE10 /* Main.storyboard in Resources */,
			);
			runOnlyForDeploymentPostprocessing = 0;
		};
		A858912F1FD4F10D0095BE10 /* Resources */ = {
			isa = PBXResourcesBuildPhase;
			buildActionMask = 2147483647;
			files = (
			);
			runOnlyForDeploymentPostprocessing = 0;
		};
		A858913A1FD4F10D0095BE10 /* Resources */ = {
			isa = PBXResourcesBuildPhase;
			buildActionMask = 2147483647;
			files = (
			);
			runOnlyForDeploymentPostprocessing = 0;
		};
/* End PBXResourcesBuildPhase section */

/* Begin PBXShellScriptBuildPhase section */
		236CCD9AF2873BE418B56F9B /* [CP] Check Pods Manifest.lock */ = {
			isa = PBXShellScriptBuildPhase;
			buildActionMask = 2147483647;
			files = (
			);
			inputPaths = (
				"${PODS_PODFILE_DIR_PATH}/Podfile.lock",
				"${PODS_ROOT}/Manifest.lock",
			);
			name = "[CP] Check Pods Manifest.lock";
			outputPaths = (
				"$(DERIVED_FILE_DIR)/Pods-FETabBar-checkManifestLockResult.txt",
			);
			runOnlyForDeploymentPostprocessing = 0;
			shellPath = /bin/sh;
			shellScript = "diff \"${PODS_PODFILE_DIR_PATH}/Podfile.lock\" \"${PODS_ROOT}/Manifest.lock\" > /dev/null\nif [ $? != 0 ] ; then\n    # print error to STDERR\n    echo \"error: The sandbox is not in sync with the Podfile.lock. Run 'pod install' or update your CocoaPods installation.\" >&2\n    exit 1\nfi\n# This output is used by Xcode 'outputs' to avoid re-running this script phase.\necho \"SUCCESS\" > \"${SCRIPT_OUTPUT_FILE_0}\"\n";
			showEnvVarsInLog = 0;
		};
		D9F880A5FD7FDB5A6852B3D6 /* [CP] Embed Pods Frameworks */ = {
			isa = PBXShellScriptBuildPhase;
			buildActionMask = 2147483647;
			files = (
			);
			inputPaths = (
				"${SRCROOT}/Pods/Target Support Files/Pods-FETabBar/Pods-FETabBar-frameworks.sh",
				"${BUILT_PRODUCTS_DIR}/SnapKit/SnapKit.framework",
			);
			name = "[CP] Embed Pods Frameworks";
			outputPaths = (
				"${TARGET_BUILD_DIR}/${FRAMEWORKS_FOLDER_PATH}/SnapKit.framework",
			);
			runOnlyForDeploymentPostprocessing = 0;
			shellPath = /bin/sh;
			shellScript = "\"${SRCROOT}/Pods/Target Support Files/Pods-FETabBar/Pods-FETabBar-frameworks.sh\"\n";
			showEnvVarsInLog = 0;
		};
		EE87B22ECE6622DC0D82B85C /* [CP] Copy Pods Resources */ = {
			isa = PBXShellScriptBuildPhase;
			buildActionMask = 2147483647;
			files = (
			);
			inputPaths = (
			);
			name = "[CP] Copy Pods Resources";
			outputPaths = (
			);
			runOnlyForDeploymentPostprocessing = 0;
			shellPath = /bin/sh;
			shellScript = "\"${SRCROOT}/Pods/Target Support Files/Pods-FETabBar/Pods-FETabBar-resources.sh\"\n";
			showEnvVarsInLog = 0;
		};
/* End PBXShellScriptBuildPhase section */

/* Begin PBXSourcesBuildPhase section */
		A85891191FD4F10C0095BE10 /* Sources */ = {
			isa = PBXSourcesBuildPhase;
			buildActionMask = 2147483647;
			files = (
				A85891231FD4F10C0095BE10 /* ViewController.swift in Sources */,
				A858914F1FD4F2AC0095BE10 /* FETabBarView.swift in Sources */,
				A85891211FD4F10C0095BE10 /* AppDelegate.swift in Sources */,
				A85891531FD4F38D0095BE10 /* FETabBarItem.swift in Sources */,
			);
			runOnlyForDeploymentPostprocessing = 0;
		};
		A858912D1FD4F10D0095BE10 /* Sources */ = {
			isa = PBXSourcesBuildPhase;
			buildActionMask = 2147483647;
			files = (
				A85891361FD4F10D0095BE10 /* FETabBarTests.swift in Sources */,
			);
			runOnlyForDeploymentPostprocessing = 0;
		};
		A85891381FD4F10D0095BE10 /* Sources */ = {
			isa = PBXSourcesBuildPhase;
			buildActionMask = 2147483647;
			files = (
				A85891411FD4F10D0095BE10 /* FETabBarUITests.swift in Sources */,
			);
			runOnlyForDeploymentPostprocessing = 0;
		};
/* End PBXSourcesBuildPhase section */

/* Begin PBXTargetDependency section */
		A85891331FD4F10D0095BE10 /* PBXTargetDependency */ = {
			isa = PBXTargetDependency;
			target = A858911C1FD4F10C0095BE10 /* FETabBar */;
			targetProxy = A85891321FD4F10D0095BE10 /* PBXContainerItemProxy */;
		};
		A858913E1FD4F10D0095BE10 /* PBXTargetDependency */ = {
			isa = PBXTargetDependency;
			target = A858911C1FD4F10C0095BE10 /* FETabBar */;
			targetProxy = A858913D1FD4F10D0095BE10 /* PBXContainerItemProxy */;
		};
/* End PBXTargetDependency section */

/* Begin PBXVariantGroup section */
		A85891241FD4F10C0095BE10 /* Main.storyboard */ = {
			isa = PBXVariantGroup;
			children = (
				A85891251FD4F10C0095BE10 /* Base */,
			);
			name = Main.storyboard;
			sourceTree = "<group>";
		};
		A85891291FD4F10C0095BE10 /* LaunchScreen.storyboard */ = {
			isa = PBXVariantGroup;
			children = (
				A858912A1FD4F10C0095BE10 /* Base */,
			);
			name = LaunchScreen.storyboard;
			sourceTree = "<group>";
		};
/* End PBXVariantGroup section */

/* Begin XCBuildConfiguration section */
		A85891431FD4F10D0095BE10 /* Debug */ = {
			isa = XCBuildConfiguration;
			buildSettings = {
				ALWAYS_SEARCH_USER_PATHS = NO;
				CLANG_ANALYZER_NONNULL = YES;
				CLANG_ANALYZER_NUMBER_OBJECT_CONVERSION = YES_AGGRESSIVE;
				CLANG_CXX_LANGUAGE_STANDARD = "gnu++14";
				CLANG_CXX_LIBRARY = "libc++";
				CLANG_ENABLE_MODULES = YES;
				CLANG_ENABLE_OBJC_ARC = YES;
				CLANG_WARN_BLOCK_CAPTURE_AUTORELEASING = YES;
				CLANG_WARN_BOOL_CONVERSION = YES;
				CLANG_WARN_COMMA = YES;
				CLANG_WARN_CONSTANT_CONVERSION = YES;
				CLANG_WARN_DIRECT_OBJC_ISA_USAGE = YES_ERROR;
				CLANG_WARN_DOCUMENTATION_COMMENTS = YES;
				CLANG_WARN_EMPTY_BODY = YES;
				CLANG_WARN_ENUM_CONVERSION = YES;
				CLANG_WARN_INFINITE_RECURSION = YES;
				CLANG_WARN_INT_CONVERSION = YES;
				CLANG_WARN_NON_LITERAL_NULL_CONVERSION = YES;
				CLANG_WARN_OBJC_LITERAL_CONVERSION = YES;
				CLANG_WARN_OBJC_ROOT_CLASS = YES_ERROR;
				CLANG_WARN_RANGE_LOOP_ANALYSIS = YES;
				CLANG_WARN_STRICT_PROTOTYPES = YES;
				CLANG_WARN_SUSPICIOUS_MOVE = YES;
				CLANG_WARN_UNGUARDED_AVAILABILITY = YES_AGGRESSIVE;
				CLANG_WARN_UNREACHABLE_CODE = YES;
				CLANG_WARN__DUPLICATE_METHOD_MATCH = YES;
				CODE_SIGN_IDENTITY = "iPhone Developer";
				COPY_PHASE_STRIP = NO;
				DEBUG_INFORMATION_FORMAT = dwarf;
				ENABLE_STRICT_OBJC_MSGSEND = YES;
				ENABLE_TESTABILITY = YES;
				GCC_C_LANGUAGE_STANDARD = gnu11;
				GCC_DYNAMIC_NO_PIC = NO;
				GCC_NO_COMMON_BLOCKS = YES;
				GCC_OPTIMIZATION_LEVEL = 0;
				GCC_PREPROCESSOR_DEFINITIONS = (
					"DEBUG=1",
					"$(inherited)",
				);
				GCC_WARN_64_TO_32_BIT_CONVERSION = YES;
				GCC_WARN_ABOUT_RETURN_TYPE = YES_ERROR;
				GCC_WARN_UNDECLARED_SELECTOR = YES;
				GCC_WARN_UNINITIALIZED_AUTOS = YES_AGGRESSIVE;
				GCC_WARN_UNUSED_FUNCTION = YES;
				GCC_WARN_UNUSED_VARIABLE = YES;
				IPHONEOS_DEPLOYMENT_TARGET = 11.0;
				MTL_ENABLE_DEBUG_INFO = YES;
				ONLY_ACTIVE_ARCH = YES;
				SDKROOT = iphoneos;
				SWIFT_ACTIVE_COMPILATION_CONDITIONS = DEBUG;
				SWIFT_OPTIMIZATION_LEVEL = "-Onone";
			};
			name = Debug;
		};
		A85891441FD4F10D0095BE10 /* Release */ = {
			isa = XCBuildConfiguration;
			buildSettings = {
				ALWAYS_SEARCH_USER_PATHS = NO;
				CLANG_ANALYZER_NONNULL = YES;
				CLANG_ANALYZER_NUMBER_OBJECT_CONVERSION = YES_AGGRESSIVE;
				CLANG_CXX_LANGUAGE_STANDARD = "gnu++14";
				CLANG_CXX_LIBRARY = "libc++";
				CLANG_ENABLE_MODULES = YES;
				CLANG_ENABLE_OBJC_ARC = YES;
				CLANG_WARN_BLOCK_CAPTURE_AUTORELEASING = YES;
				CLANG_WARN_BOOL_CONVERSION = YES;
				CLANG_WARN_COMMA = YES;
				CLANG_WARN_CONSTANT_CONVERSION = YES;
				CLANG_WARN_DIRECT_OBJC_ISA_USAGE = YES_ERROR;
				CLANG_WARN_DOCUMENTATION_COMMENTS = YES;
				CLANG_WARN_EMPTY_BODY = YES;
				CLANG_WARN_ENUM_CONVERSION = YES;
				CLANG_WARN_INFINITE_RECURSION = YES;
				CLANG_WARN_INT_CONVERSION = YES;
				CLANG_WARN_NON_LITERAL_NULL_CONVERSION = YES;
				CLANG_WARN_OBJC_LITERAL_CONVERSION = YES;
				CLANG_WARN_OBJC_ROOT_CLASS = YES_ERROR;
				CLANG_WARN_RANGE_LOOP_ANALYSIS = YES;
				CLANG_WARN_STRICT_PROTOTYPES = YES;
				CLANG_WARN_SUSPICIOUS_MOVE = YES;
				CLANG_WARN_UNGUARDED_AVAILABILITY = YES_AGGRESSIVE;
				CLANG_WARN_UNREACHABLE_CODE = YES;
				CLANG_WARN__DUPLICATE_METHOD_MATCH = YES;
				CODE_SIGN_IDENTITY = "iPhone Developer";
				COPY_PHASE_STRIP = NO;
				DEBUG_INFORMATION_FORMAT = "dwarf-with-dsym";
				ENABLE_NS_ASSERTIONS = NO;
				ENABLE_STRICT_OBJC_MSGSEND = YES;
				GCC_C_LANGUAGE_STANDARD = gnu11;
				GCC_NO_COMMON_BLOCKS = YES;
				GCC_WARN_64_TO_32_BIT_CONVERSION = YES;
				GCC_WARN_ABOUT_RETURN_TYPE = YES_ERROR;
				GCC_WARN_UNDECLARED_SELECTOR = YES;
				GCC_WARN_UNINITIALIZED_AUTOS = YES_AGGRESSIVE;
				GCC_WARN_UNUSED_FUNCTION = YES;
				GCC_WARN_UNUSED_VARIABLE = YES;
				IPHONEOS_DEPLOYMENT_TARGET = 11.0;
				MTL_ENABLE_DEBUG_INFO = NO;
				SDKROOT = iphoneos;
				SWIFT_OPTIMIZATION_LEVEL = "-Owholemodule";
				VALIDATE_PRODUCT = YES;
			};
			name = Release;
		};
		A85891461FD4F10D0095BE10 /* Debug */ = {
			isa = XCBuildConfiguration;
			baseConfigurationReference = E8268B6D3E1FF1D83CFC9CBF /* Pods-FETabBar.debug.xcconfig */;
			buildSettings = {
				ASSETCATALOG_COMPILER_APPICON_NAME = AppIcon;
				CODE_SIGN_STYLE = Automatic;
				INFOPLIST_FILE = FETabBar/Info.plist;
				LD_RUNPATH_SEARCH_PATHS = "$(inherited) @executable_path/Frameworks";
				PRODUCT_BUNDLE_IDENTIFIER = com.flyelephant.www.FETabBar;
				PRODUCT_NAME = "$(TARGET_NAME)";
				SWIFT_VERSION = 4.0;
				TARGETED_DEVICE_FAMILY = "1,2";
			};
			name = Debug;
		};
		A85891471FD4F10D0095BE10 /* Release */ = {
			isa = XCBuildConfiguration;
			baseConfigurationReference = 583D0B8E95186535261FD818 /* Pods-FETabBar.release.xcconfig */;
			buildSettings = {
				ASSETCATALOG_COMPILER_APPICON_NAME = AppIcon;
				CODE_SIGN_STYLE = Automatic;
				INFOPLIST_FILE = FETabBar/Info.plist;
				LD_RUNPATH_SEARCH_PATHS = "$(inherited) @executable_path/Frameworks";
				PRODUCT_BUNDLE_IDENTIFIER = com.flyelephant.www.FETabBar;
				PRODUCT_NAME = "$(TARGET_NAME)";
				SWIFT_VERSION = 4.0;
				TARGETED_DEVICE_FAMILY = "1,2";
			};
			name = Release;
		};
		A85891491FD4F10D0095BE10 /* Debug */ = {
			isa = XCBuildConfiguration;
			buildSettings = {
				ALWAYS_EMBED_SWIFT_STANDARD_LIBRARIES = YES;
				BUNDLE_LOADER = "$(TEST_HOST)";
				CODE_SIGN_STYLE = Automatic;
				INFOPLIST_FILE = FETabBarTests/Info.plist;
				LD_RUNPATH_SEARCH_PATHS = "$(inherited) @executable_path/Frameworks @loader_path/Frameworks";
				PRODUCT_BUNDLE_IDENTIFIER = com.flyelephant.www.FETabBarTests;
				PRODUCT_NAME = "$(TARGET_NAME)";
				SWIFT_VERSION = 4.0;
				TARGETED_DEVICE_FAMILY = "1,2";
				TEST_HOST = "$(BUILT_PRODUCTS_DIR)/FETabBar.app/FETabBar";
			};
			name = Debug;
		};
		A858914A1FD4F10D0095BE10 /* Release */ = {
			isa = XCBuildConfiguration;
			buildSettings = {
				ALWAYS_EMBED_SWIFT_STANDARD_LIBRARIES = YES;
				BUNDLE_LOADER = "$(TEST_HOST)";
				CODE_SIGN_STYLE = Automatic;
				INFOPLIST_FILE = FETabBarTests/Info.plist;
				LD_RUNPATH_SEARCH_PATHS = "$(inherited) @executable_path/Frameworks @loader_path/Frameworks";
				PRODUCT_BUNDLE_IDENTIFIER = com.flyelephant.www.FETabBarTests;
				PRODUCT_NAME = "$(TARGET_NAME)";
				SWIFT_VERSION = 4.0;
				TARGETED_DEVICE_FAMILY = "1,2";
				TEST_HOST = "$(BUILT_PRODUCTS_DIR)/FETabBar.app/FETabBar";
			};
			name = Release;
		};
		A858914C1FD4F10D0095BE10 /* Debug */ = {
			isa = XCBuildConfiguration;
			buildSettings = {
				ALWAYS_EMBED_SWIFT_STANDARD_LIBRARIES = YES;
				CODE_SIGN_STYLE = Automatic;
				INFOPLIST_FILE = FETabBarUITests/Info.plist;
				LD_RUNPATH_SEARCH_PATHS = "$(inherited) @executable_path/Frameworks @loader_path/Frameworks";
				PRODUCT_BUNDLE_IDENTIFIER = com.flyelephant.www.FETabBarUITests;
				PRODUCT_NAME = "$(TARGET_NAME)";
				SWIFT_VERSION = 4.0;
				TARGETED_DEVICE_FAMILY = "1,2";
				TEST_TARGET_NAME = FETabBar;
			};
			name = Debug;
		};
		A858914D1FD4F10D0095BE10 /* Release */ = {
			isa = XCBuildConfiguration;
			buildSettings = {
				ALWAYS_EMBED_SWIFT_STANDARD_LIBRARIES = YES;
				CODE_SIGN_STYLE = Automatic;
				INFOPLIST_FILE = FETabBarUITests/Info.plist;
				LD_RUNPATH_SEARCH_PATHS = "$(inherited) @executable_path/Frameworks @loader_path/Frameworks";
				PRODUCT_BUNDLE_IDENTIFIER = com.flyelephant.www.FETabBarUITests;
				PRODUCT_NAME = "$(TARGET_NAME)";
				SWIFT_VERSION = 4.0;
				TARGETED_DEVICE_FAMILY = "1,2";
				TEST_TARGET_NAME = FETabBar;
			};
			name = Release;
		};
/* End XCBuildConfiguration section */

/* Begin XCConfigurationList section */
		A85891181FD4F10C0095BE10 /* Build configuration list for PBXProject "FETabBar" */ = {
			isa = XCConfigurationList;
			buildConfigurations = (
				A85891431FD4F10D0095BE10 /* Debug */,
				A85891441FD4F10D0095BE10 /* Release */,
			);
			defaultConfigurationIsVisible = 0;
			defaultConfigurationName = Release;
		};
		A85891451FD4F10D0095BE10 /* Build configuration list for PBXNativeTarget "FETabBar" */ = {
			isa = XCConfigurationList;
			buildConfigurations = (
				A85891461FD4F10D0095BE10 /* Debug */,
				A85891471FD4F10D0095BE10 /* Release */,
			);
			defaultConfigurationIsVisible = 0;
			defaultConfigurationName = Release;
		};
		A85891481FD4F10D0095BE10 /* Build configuration list for PBXNativeTarget "FETabBarTests" */ = {
			isa = XCConfigurationList;
			buildConfigurations = (
				A85891491FD4F10D0095BE10 /* Debug */,
				A858914A1FD4F10D0095BE10 /* Release */,
			);
			defaultConfigurationIsVisible = 0;
			defaultConfigurationName = Release;
		};
		A858914B1FD4F10D0095BE10 /* Build configuration list for PBXNativeTarget "FETabBarUITests" */ = {
			isa = XCConfigurationList;
			buildConfigurations = (
				A858914C1FD4F10D0095BE10 /* Debug */,
				A858914D1FD4F10D0095BE10 /* Release */,
			);
			defaultConfigurationIsVisible = 0;
			defaultConfigurationName = Release;
		};
/* End XCConfigurationList section */
	};
	rootObject = A85891151FD4F10C0095BE10 /* Project object */;
}
